// !$*UTF8*$!
{
	archiveVersion = 1;
	classes = {
	};
	objectVersion = 46;
	objects = {

/* Begin PBXBuildFile section */
		E28A9A911E8A0C6200858007 /* main.m in Sources */ = {isa = PBXBuildFile; fileRef = E28A9A901E8A0C6200858007 /* main.m */; };
		E28A9A941E8A0C6200858007 /* AppDelegate.m in Sources */ = {isa = PBXBuildFile; fileRef = E28A9A931E8A0C6200858007 /* AppDelegate.m */; };
		E28A9A971E8A0C6200858007 /* ViewController.m in Sources */ = {isa = PBXBuildFile; fileRef = E28A9A961E8A0C6200858007 /* ViewController.m */; };
		E28A9A9A1E8A0C6200858007 /* Main.storyboard in Resources */ = {isa = PBXBuildFile; fileRef = E28A9A981E8A0C6200858007 /* Main.storyboard */; };
		E28A9A9C1E8A0C6200858007 /* Assets.xcassets in Resources */ = {isa = PBXBuildFile; fileRef = E28A9A9B1E8A0C6200858007 /* Assets.xcassets */; };
		E28A9A9F1E8A0C6200858007 /* LaunchScreen.storyboard in Resources */ = {isa = PBXBuildFile; fileRef = E28A9A9D1E8A0C6200858007 /* LaunchScreen.storyboard */; };
		E28A9AAA1E8A0C6200858007 /* RuntimeTests.m in Sources */ = {isa = PBXBuildFile; fileRef = E28A9AA91E8A0C6200858007 /* RuntimeTests.m */; };
		E28A9AB51E8A0C6200858007 /* RuntimeUITests.m in Sources */ = {isa = PBXBuildFile; fileRef = E28A9AB41E8A0C6200858007 /* RuntimeUITests.m */; };
		E28A9AC51E8A0FE000858007 /* Person.m in Sources */ = {isa = PBXBuildFile; fileRef = E28A9AC41E8A0FE000858007 /* Person.m */; };
		E28A9AC91E8A3CAD00858007 /* TableViewListController.m in Sources */ = {isa = PBXBuildFile; fileRef = E28A9AC71E8A3CAD00858007 /* TableViewListController.m */; };
		E28A9ACA1E8A3CAD00858007 /* TableViewListController.xib in Resources */ = {isa = PBXBuildFile; fileRef = E28A9AC81E8A3CAD00858007 /* TableViewListController.xib */; };
		E28A9ACD1E8A42BA00858007 /* DynamicVariableController.m in Sources */ = {isa = PBXBuildFile; fileRef = E28A9ACC1E8A42BA00858007 /* DynamicVariableController.m */; };
		E28A9AD01E8A431000858007 /* BaseViewController.m in Sources */ = {isa = PBXBuildFile; fileRef = E28A9ACF1E8A431000858007 /* BaseViewController.m */; };
		E28A9AD31E8A43DE00858007 /* DynamicMethodController.m in Sources */ = {isa = PBXBuildFile; fileRef = E28A9AD21E8A43DE00858007 /* DynamicMethodController.m */; };
		E28A9AD61E8A446D00858007 /* DynamicExchangeController.m in Sources */ = {isa = PBXBuildFile; fileRef = E28A9AD51E8A446D00858007 /* DynamicExchangeController.m */; };
		E28A9AD91E8A44F000858007 /* DynamicReplaceController.m in Sources */ = {isa = PBXBuildFile; fileRef = E28A9AD81E8A44F000858007 /* DynamicReplaceController.m */; };
		E28A9ADC1E8A454D00858007 /* DynamicAddFunctionController.m in Sources */ = {isa = PBXBuildFile; fileRef = E28A9ADB1E8A454D00858007 /* DynamicAddFunctionController.m */; };
		E28A9ADF1E8A45A500858007 /* DynamicNSCodingController.m in Sources */ = {isa = PBXBuildFile; fileRef = E28A9ADE1E8A45A500858007 /* DynamicNSCodingController.m */; };
		E28A9AE21E8A45FD00858007 /* DynamicModelController.m in Sources */ = {isa = PBXBuildFile; fileRef = E28A9AE11E8A45FD00858007 /* DynamicModelController.m */; };
		E28A9AE61E8A5BFA00858007 /* Tool.m in Sources */ = {isa = PBXBuildFile; fileRef = E28A9AE51E8A5BFA00858007 /* Tool.m */; };
		E28A9AEF1E8A632000858007 /* UIButton+count.m in Sources */ = {isa = PBXBuildFile; fileRef = E28A9AEE1E8A632000858007 /* UIButton+count.m */; };
/* End PBXBuildFile section */

/* Begin PBXContainerItemProxy section */
		E28A9AA61E8A0C6200858007 /* PBXContainerItemProxy */ = {
			isa = PBXContainerItemProxy;
			containerPortal = E28A9A841E8A0C6200858007 /* Project object */;
			proxyType = 1;
			remoteGlobalIDString = E28A9A8B1E8A0C6200858007;
			remoteInfo = Runtime;
		};
		E28A9AB11E8A0C6200858007 /* PBXContainerItemProxy */ = {
			isa = PBXContainerItemProxy;
			containerPortal = E28A9A841E8A0C6200858007 /* Project object */;
			proxyType = 1;
			remoteGlobalIDString = E28A9A8B1E8A0C6200858007;
			remoteInfo = Runtime;
		};
/* End PBXContainerItemProxy section */

/* Begin PBXFileReference section */
		E28A9A8C1E8A0C6200858007 /* Runtime.app */ = {isa = PBXFileReference; explicitFileType = wrapper.application; includeInIndex = 0; path = Runtime.app; sourceTree = BUILT_PRODUCTS_DIR; };
		E28A9A901E8A0C6200858007 /* main.m */ = {isa = PBXFileReference; lastKnownFileType = sourcecode.c.objc; path = main.m; sourceTree = "<group>"; };
		E28A9A921E8A0C6200858007 /* AppDelegate.h */ = {isa = PBXFileReference; lastKnownFileType = sourcecode.c.h; path = AppDelegate.h; sourceTree = "<group>"; };
		E28A9A931E8A0C6200858007 /* AppDelegate.m */ = {isa = PBXFileReference; lastKnownFileType = sourcecode.c.objc; path = AppDelegate.m; sourceTree = "<group>"; };
		E28A9A951E8A0C6200858007 /* ViewController.h */ = {isa = PBXFileReference; lastKnownFileType = sourcecode.c.h; path = ViewController.h; sourceTree = "<group>"; };
		E28A9A961E8A0C6200858007 /* ViewController.m */ = {isa = PBXFileReference; lastKnownFileType = sourcecode.c.objc; path = ViewController.m; sourceTree = "<group>"; };
		E28A9A991E8A0C6200858007 /* Base */ = {isa = PBXFileReference; lastKnownFileType = file.storyboard; name = Base; path = Base.lproj/Main.storyboard; sourceTree = "<group>"; };
		E28A9A9B1E8A0C6200858007 /* Assets.xcassets */ = {isa = PBXFileReference; lastKnownFileType = folder.assetcatalog; path = Assets.xcassets; sourceTree = "<group>"; };
		E28A9A9E1E8A0C6200858007 /* Base */ = {isa = PBXFileReference; lastKnownFileType = file.storyboard; name = Base; path = Base.lproj/LaunchScreen.storyboard; sourceTree = "<group>"; };
		E28A9AA01E8A0C6200858007 /* Info.plist */ = {isa = PBXFileReference; lastKnownFileType = text.plist.xml; path = Info.plist; sourceTree = "<group>"; };
		E28A9AA51E8A0C6200858007 /* RuntimeTests.xctest */ = {isa = PBXFileReference; explicitFileType = wrapper.cfbundle; includeInIndex = 0; path = RuntimeTests.xctest; sourceTree = BUILT_PRODUCTS_DIR; };
		E28A9AA91E8A0C6200858007 /* RuntimeTests.m */ = {isa = PBXFileReference; lastKnownFileType = sourcecode.c.objc; path = RuntimeTests.m; sourceTree = "<group>"; };
		E28A9AAB1E8A0C6200858007 /* Info.plist */ = {isa = PBXFileReference; lastKnownFileType = text.plist.xml; path = Info.plist; sourceTree = "<group>"; };
		E28A9AB01E8A0C6200858007 /* RuntimeUITests.xctest */ = {isa = PBXFileReference; explicitFileType = wrapper.cfbundle; includeInIndex = 0; path = RuntimeUITests.xctest; sourceTree = BUILT_PRODUCTS_DIR; };
		E28A9AB41E8A0C6200858007 /* RuntimeUITests.m */ = {isa = PBXFileReference; lastKnownFileType = sourcecode.c.objc; path = RuntimeUITests.m; sourceTree = "<group>"; };
		E28A9AB61E8A0C6200858007 /* Info.plist */ = {isa = PBXFileReference; lastKnownFileType = text.plist.xml; path = Info.plist; sourceTree = "<group>"; };
		E28A9AC31E8A0FE000858007 /* Person.h */ = {isa = PBXFileReference; fileEncoding = 4; lastKnownFileType = sourcecode.c.h; path = Person.h; sourceTree = "<group>"; };
		E28A9AC41E8A0FE000858007 /* Person.m */ = {isa = PBXFileReference; fileEncoding = 4; lastKnownFileType = sourcecode.c.objc; path = Person.m; sourceTree = "<group>"; };
		E28A9AC61E8A3CAD00858007 /* TableViewListController.h */ = {isa = PBXFileReference; fileEncoding = 4; lastKnownFileType = sourcecode.c.h; path = TableViewListController.h; sourceTree = "<group>"; };
		E28A9AC71E8A3CAD00858007 /* TableViewListController.m */ = {isa = PBXFileReference; fileEncoding = 4; lastKnownFileType = sourcecode.c.objc; path = TableViewListController.m; sourceTree = "<group>"; };
		E28A9AC81E8A3CAD00858007 /* TableViewListController.xib */ = {isa = PBXFileReference; fileEncoding = 4; lastKnownFileType = file.xib; path = TableViewListController.xib; sourceTree = "<group>"; };
		E28A9ACB1E8A42BA00858007 /* DynamicVariableController.h */ = {isa = PBXFileReference; fileEncoding = 4; lastKnownFileType = sourcecode.c.h; path = DynamicVariableController.h; sourceTree = "<group>"; };
		E28A9ACC1E8A42BA00858007 /* DynamicVariableController.m */ = {isa = PBXFileReference; fileEncoding = 4; lastKnownFileType = sourcecode.c.objc; path = DynamicVariableController.m; sourceTree = "<group>"; };
		E28A9ACE1E8A431000858007 /* BaseViewController.h */ = {isa = PBXFileReference; fileEncoding = 4; lastKnownFileType = sourcecode.c.h; path = BaseViewController.h; sourceTree = "<group>"; };
		E28A9ACF1E8A431000858007 /* BaseViewController.m */ = {isa = PBXFileReference; fileEncoding = 4; lastKnownFileType = sourcecode.c.objc; path = BaseViewController.m; sourceTree = "<group>"; };
		E28A9AD11E8A43DE00858007 /* DynamicMethodController.h */ = {isa = PBXFileReference; fileEncoding = 4; lastKnownFileType = sourcecode.c.h; path = DynamicMethodController.h; sourceTree = "<group>"; };
		E28A9AD21E8A43DE00858007 /* DynamicMethodController.m */ = {isa = PBXFileReference; fileEncoding = 4; lastKnownFileType = sourcecode.c.objc; path = DynamicMethodController.m; sourceTree = "<group>"; };
		E28A9AD41E8A446D00858007 /* DynamicExchangeController.h */ = {isa = PBXFileReference; fileEncoding = 4; lastKnownFileType = sourcecode.c.h; path = DynamicExchangeController.h; sourceTree = "<group>"; };
		E28A9AD51E8A446D00858007 /* DynamicExchangeController.m */ = {isa = PBXFileReference; fileEncoding = 4; lastKnownFileType = sourcecode.c.objc; path = DynamicExchangeController.m; sourceTree = "<group>"; };
		E28A9AD71E8A44F000858007 /* DynamicReplaceController.h */ = {isa = PBXFileReference; fileEncoding = 4; lastKnownFileType = sourcecode.c.h; path = DynamicReplaceController.h; sourceTree = "<group>"; };
		E28A9AD81E8A44F000858007 /* DynamicReplaceController.m */ = {isa = PBXFileReference; fileEncoding = 4; lastKnownFileType = sourcecode.c.objc; path = DynamicReplaceController.m; sourceTree = "<group>"; };
		E28A9ADA1E8A454D00858007 /* DynamicAddFunctionController.h */ = {isa = PBXFileReference; fileEncoding = 4; lastKnownFileType = sourcecode.c.h; path = DynamicAddFunctionController.h; sourceTree = "<group>"; };
		E28A9ADB1E8A454D00858007 /* DynamicAddFunctionController.m */ = {isa = PBXFileReference; fileEncoding = 4; lastKnownFileType = sourcecode.c.objc; path = DynamicAddFunctionController.m; sourceTree = "<group>"; };
		E28A9ADD1E8A45A500858007 /* DynamicNSCodingController.h */ = {isa = PBXFileReference; fileEncoding = 4; lastKnownFileType = sourcecode.c.h; path = DynamicNSCodingController.h; sourceTree = "<group>"; };
		E28A9ADE1E8A45A500858007 /* DynamicNSCodingController.m */ = {isa = PBXFileReference; fileEncoding = 4; lastKnownFileType = sourcecode.c.objc; path = DynamicNSCodingController.m; sourceTree = "<group>"; };
		E28A9AE01E8A45FD00858007 /* DynamicModelController.h */ = {isa = PBXFileReference; fileEncoding = 4; lastKnownFileType = sourcecode.c.h; path = DynamicModelController.h; sourceTree = "<group>"; };
		E28A9AE11E8A45FD00858007 /* DynamicModelController.m */ = {isa = PBXFileReference; fileEncoding = 4; lastKnownFileType = sourcecode.c.objc; path = DynamicModelController.m; sourceTree = "<group>"; };
		E28A9AE41E8A5BFA00858007 /* Tool.h */ = {isa = PBXFileReference; fileEncoding = 4; lastKnownFileType = sourcecode.c.h; path = Tool.h; sourceTree = "<group>"; };
		E28A9AE51E8A5BFA00858007 /* Tool.m */ = {isa = PBXFileReference; fileEncoding = 4; lastKnownFileType = sourcecode.c.objc; path = Tool.m; sourceTree = "<group>"; };
		E28A9AED1E8A632000858007 /* UIButton+count.h */ = {isa = PBXFileReference; fileEncoding = 4; lastKnownFileType = sourcecode.c.h; path = "UIButton+count.h"; sourceTree = "<group>"; };
		E28A9AEE1E8A632000858007 /* UIButton+count.m */ = {isa = PBXFileReference; fileEncoding = 4; lastKnownFileType = sourcecode.c.objc; path = "UIButton+count.m"; sourceTree = "<group>"; };
/* End PBXFileReference section */

/* Begin PBXFrameworksBuildPhase section */
		E28A9A891E8A0C6200858007 /* Frameworks */ = {
			isa = PBXFrameworksBuildPhase;
			buildActionMask = 2147483647;
			files = (
			);
			runOnlyForDeploymentPostprocessing = 0;
		};
		E28A9AA21E8A0C6200858007 /* Frameworks */ = {
			isa = PBXFrameworksBuildPhase;
			buildActionMask = 2147483647;
			files = (
			);
			runOnlyForDeploymentPostprocessing = 0;
		};
		E28A9AAD1E8A0C6200858007 /* Frameworks */ = {
			isa = PBXFrameworksBuildPhase;
			buildActionMask = 2147483647;
			files = (
			);
			runOnlyForDeploymentPostprocessing = 0;
		};
/* End PBXFrameworksBuildPhase section */

/* Begin PBXGroup section */
		E28A9A831E8A0C6200858007 = {
			isa = PBXGroup;
			children = (
				E28A9A8E1E8A0C6200858007 /* Runtime */,
				E28A9AA81E8A0C6200858007 /* RuntimeTests */,
				E28A9AB31E8A0C6200858007 /* RuntimeUITests */,
				E28A9A8D1E8A0C6200858007 /* Products */,
			);
			sourceTree = "<group>";
		};
		E28A9A8D1E8A0C6200858007 /* Products */ = {
			isa = PBXGroup;
			children = (
				E28A9A8C1E8A0C6200858007 /* Runtime.app */,
				E28A9AA51E8A0C6200858007 /* RuntimeTests.xctest */,
				E28A9AB01E8A0C6200858007 /* RuntimeUITests.xctest */,
			);
			name = Products;
			sourceTree = "<group>";
		};
		E28A9A8E1E8A0C6200858007 /* Runtime */ = {
			isa = PBXGroup;
			children = (
				E28A9AE31E8A491B00858007 /* controllers */,
				E28A9AC21E8A0FC500858007 /* model */,
				E28A9A921E8A0C6200858007 /* AppDelegate.h */,
				E28A9A931E8A0C6200858007 /* AppDelegate.m */,
				E28A9A951E8A0C6200858007 /* ViewController.h */,
				E28A9A961E8A0C6200858007 /* ViewController.m */,
				E28A9AC61E8A3CAD00858007 /* TableViewListController.h */,
				E28A9AC71E8A3CAD00858007 /* TableViewListController.m */,
				E28A9AC81E8A3CAD00858007 /* TableViewListController.xib */,
				E28A9ADD1E8A45A500858007 /* DynamicNSCodingController.h */,
				E28A9ADE1E8A45A500858007 /* DynamicNSCodingController.m */,
				E28A9AE01E8A45FD00858007 /* DynamicModelController.h */,
				E28A9AE11E8A45FD00858007 /* DynamicModelController.m */,
				E28A9ACE1E8A431000858007 /* BaseViewController.h */,
				E28A9ACF1E8A431000858007 /* BaseViewController.m */,
				E28A9A981E8A0C6200858007 /* Main.storyboard */,
				E28A9A9B1E8A0C6200858007 /* Assets.xcassets */,
				E28A9A9D1E8A0C6200858007 /* LaunchScreen.storyboard */,
				E28A9AA01E8A0C6200858007 /* Info.plist */,
				E28A9A8F1E8A0C6200858007 /* Supporting Files */,
			);
			path = Runtime;
			sourceTree = "<group>";
		};
		E28A9A8F1E8A0C6200858007 /* Supporting Files */ = {
			isa = PBXGroup;
			children = (
				E28A9A901E8A0C6200858007 /* main.m */,
			);
			name = "Supporting Files";
			sourceTree = "<group>";
		};
		E28A9AA81E8A0C6200858007 /* RuntimeTests */ = {
			isa = PBXGroup;
			children = (
				E28A9AA91E8A0C6200858007 /* RuntimeTests.m */,
				E28A9AAB1E8A0C6200858007 /* Info.plist */,
			);
			path = RuntimeTests;
			sourceTree = "<group>";
		};
		E28A9AB31E8A0C6200858007 /* RuntimeUITests */ = {
			isa = PBXGroup;
			children = (
				E28A9AB41E8A0C6200858007 /* RuntimeUITests.m */,
				E28A9AB61E8A0C6200858007 /* Info.plist */,
			);
			path = RuntimeUITests;
			sourceTree = "<group>";
		};
		E28A9AC21E8A0FC500858007 /* model */ = {
			isa = PBXGroup;
			children = (
				E28A9AC31E8A0FE000858007 /* Person.h */,
				E28A9AC41E8A0FE000858007 /* Person.m */,
				E28A9AE41E8A5BFA00858007 /* Tool.h */,
				E28A9AE51E8A5BFA00858007 /* Tool.m */,
				E28A9AED1E8A632000858007 /* UIButton+count.h */,
				E28A9AEE1E8A632000858007 /* UIButton+count.m */,
			);
			name = model;
			sourceTree = "<group>";
		};
		E28A9AE31E8A491B00858007 /* controllers */ = {
			isa = PBXGroup;
			children = (
				E28A9AD41E8A446D00858007 /* DynamicExchangeController.h */,
				E28A9AD51E8A446D00858007 /* DynamicExchangeController.m */,
				E28A9ACB1E8A42BA00858007 /* DynamicVariableController.h */,
				E28A9ACC1E8A42BA00858007 /* DynamicVariableController.m */,
				E28A9AD11E8A43DE00858007 /* DynamicMethodController.h */,
				E28A9AD21E8A43DE00858007 /* DynamicMethodController.m */,
				E28A9AD71E8A44F000858007 /* DynamicReplaceController.h */,
				E28A9AD81E8A44F000858007 /* DynamicReplaceController.m */,
				E28A9ADA1E8A454D00858007 /* DynamicAddFunctionController.h */,
				E28A9ADB1E8A454D00858007 /* DynamicAddFunctionController.m */,
			);
			name = controllers;
			sourceTree = "<group>";
		};
/* End PBXGroup section */

/* Begin PBXNativeTarget section */
		E28A9A8B1E8A0C6200858007 /* Runtime */ = {
			isa = PBXNativeTarget;
			buildConfigurationList = E28A9AB91E8A0C6200858007 /* Build configuration list for PBXNativeTarget "Runtime" */;
			buildPhases = (
				E28A9A881E8A0C6200858007 /* Sources */,
				E28A9A891E8A0C6200858007 /* Frameworks */,
				E28A9A8A1E8A0C6200858007 /* Resources */,
			);
			buildRules = (
			);
			dependencies = (
			);
			name = Runtime;
			productName = Runtime;
			productReference = E28A9A8C1E8A0C6200858007 /* Runtime.app */;
			productType = "com.apple.product-type.application";
		};
		E28A9AA41E8A0C6200858007 /* RuntimeTests */ = {
			isa = PBXNativeTarget;
			buildConfigurationList = E28A9ABC1E8A0C6200858007 /* Build configuration list for PBXNativeTarget "RuntimeTests" */;
			buildPhases = (
				E28A9AA11E8A0C6200858007 /* Sources */,
				E28A9AA21E8A0C6200858007 /* Frameworks */,
				E28A9AA31E8A0C6200858007 /* Resources */,
			);
			buildRules = (
			);
			dependencies = (
				E28A9AA71E8A0C6200858007 /* PBXTargetDependency */,
			);
			name = RuntimeTests;
			productName = RuntimeTests;
			productReference = E28A9AA51E8A0C6200858007 /* RuntimeTests.xctest */;
			productType = "com.apple.product-type.bundle.unit-test";
		};
		E28A9AAF1E8A0C6200858007 /* RuntimeUITests */ = {
			isa = PBXNativeTarget;
			buildConfigurationList = E28A9ABF1E8A0C6200858007 /* Build configuration list for PBXNativeTarget "RuntimeUITests" */;
			buildPhases = (
				E28A9AAC1E8A0C6200858007 /* Sources */,
				E28A9AAD1E8A0C6200858007 /* Frameworks */,
				E28A9AAE1E8A0C6200858007 /* Resources */,
			);
			buildRules = (
			);
			dependencies = (
				E28A9AB21E8A0C6200858007 /* PBXTargetDependency */,
			);
			name = RuntimeUITests;
			productName = RuntimeUITests;
			productReference = E28A9AB01E8A0C6200858007 /* RuntimeUITests.xctest */;
			productType = "com.apple.product-type.bundle.ui-testing";
		};
/* End PBXNativeTarget section */

/* Begin PBXProject section */
		E28A9A841E8A0C6200858007 /* Project object */ = {
			isa = PBXProject;
			attributes = {
				LastUpgradeCheck = 0820;
				ORGANIZATIONNAME = test;
				TargetAttributes = {
					E28A9A8B1E8A0C6200858007 = {
						CreatedOnToolsVersion = 8.2.1;
						ProvisioningStyle = Automatic;
					};
					E28A9AA41E8A0C6200858007 = {
						CreatedOnToolsVersion = 8.2.1;
						ProvisioningStyle = Automatic;
						TestTargetID = E28A9A8B1E8A0C6200858007;
					};
					E28A9AAF1E8A0C6200858007 = {
						CreatedOnToolsVersion = 8.2.1;
						ProvisioningStyle = Automatic;
						TestTargetID = E28A9A8B1E8A0C6200858007;
					};
				};
			};
			buildConfigurationList = E28A9A871E8A0C6200858007 /* Build configuration list for PBXProject "Runtime" */;
			compatibilityVersion = "Xcode 3.2";
			developmentRegion = English;
			hasScannedForEncodings = 0;
			knownRegions = (
				en,
				Base,
			);
			mainGroup = E28A9A831E8A0C6200858007;
			productRefGroup = E28A9A8D1E8A0C6200858007 /* Products */;
			projectDirPath = "";
			projectRoot = "";
			targets = (
				E28A9A8B1E8A0C6200858007 /* Runtime */,
				E28A9AA41E8A0C6200858007 /* RuntimeTests */,
				E28A9AAF1E8A0C6200858007 /* RuntimeUITests */,
			);
		};
/* End PBXProject section */

/* Begin PBXResourcesBuildPhase section */
		E28A9A8A1E8A0C6200858007 /* Resources */ = {
			isa = PBXResourcesBuildPhase;
			buildActionMask = 2147483647;
			files = (
				E28A9A9F1E8A0C6200858007 /* LaunchScreen.storyboard in Resources */,
				E28A9A9C1E8A0C6200858007 /* Assets.xcassets in Resources */,
				E28A9A9A1E8A0C6200858007 /* Main.storyboard in Resources */,
				E28A9ACA1E8A3CAD00858007 /* TableViewListController.xib in Resources */,
			);
			runOnlyForDeploymentPostprocessing = 0;
		};
		E28A9AA31E8A0C6200858007 /* Resources */ = {
			isa = PBXResourcesBuildPhase;
			buildActionMask = 2147483647;
			files = (
			);
			runOnlyForDeploymentPostprocessing = 0;
		};
		E28A9AAE1E8A0C6200858007 /* Resources */ = {
			isa = PBXResourcesBuildPhase;
			buildActionMask = 2147483647;
			files = (
			);
			runOnlyForDeploymentPostprocessing = 0;
		};
/* End PBXResourcesBuildPhase section */

/* Begin PBXSourcesBuildPhase section */
		E28A9A881E8A0C6200858007 /* Sources */ = {
			isa = PBXSourcesBuildPhase;
			buildActionMask = 2147483647;
			files = (
				E28A9ADF1E8A45A500858007 /* DynamicNSCodingController.m in Sources */,
				E28A9AC51E8A0FE000858007 /* Person.m in Sources */,
				E28A9A971E8A0C6200858007 /* ViewController.m in Sources */,
				E28A9A941E8A0C6200858007 /* AppDelegate.m in Sources */,
				E28A9AE21E8A45FD00858007 /* DynamicModelController.m in Sources */,
				E28A9A911E8A0C6200858007 /* main.m in Sources */,
				E28A9AD91E8A44F000858007 /* DynamicReplaceController.m in Sources */,
				E28A9AC91E8A3CAD00858007 /* TableViewListController.m in Sources */,
				E28A9ADC1E8A454D00858007 /* DynamicAddFunctionController.m in Sources */,
				E28A9AE61E8A5BFA00858007 /* Tool.m in Sources */,
				E28A9AD61E8A446D00858007 /* DynamicExchangeController.m in Sources */,
				E28A9AD01E8A431000858007 /* BaseViewController.m in Sources */,
				E28A9AD31E8A43DE00858007 /* DynamicMethodController.m in Sources */,
				E28A9AEF1E8A632000858007 /* UIButton+count.m in Sources */,
				E28A9ACD1E8A42BA00858007 /* DynamicVariableController.m in Sources */,
			);
			runOnlyForDeploymentPostprocessing = 0;
		};
		E28A9AA11E8A0C6200858007 /* Sources */ = {
			isa = PBXSourcesBuildPhase;
			buildActionMask = 2147483647;
			files = (
				E28A9AAA1E8A0C6200858007 /* RuntimeTests.m in Sources */,
			);
			runOnlyForDeploymentPostprocessing = 0;
		};
		E28A9AAC1E8A0C6200858007 /* Sources */ = {
			isa = PBXSourcesBuildPhase;
			buildActionMask = 2147483647;
			files = (
				E28A9AB51E8A0C6200858007 /* RuntimeUITests.m in Sources */,
			);
			runOnlyForDeploymentPostprocessing = 0;
		};
/* End PBXSourcesBuildPhase section */

/* Begin PBXTargetDependency section */
		E28A9AA71E8A0C6200858007 /* PBXTargetDependency */ = {
			isa = PBXTargetDependency;
			target = E28A9A8B1E8A0C6200858007 /* Runtime */;
			targetProxy = E28A9AA61E8A0C6200858007 /* PBXContainerItemProxy */;
		};
		E28A9AB21E8A0C6200858007 /* PBXTargetDependency */ = {
			isa = PBXTargetDependency;
			target = E28A9A8B1E8A0C6200858007 /* Runtime */;
			targetProxy = E28A9AB11E8A0C6200858007 /* PBXContainerItemProxy */;
		};
/* End PBXTargetDependency section */

/* Begin PBXVariantGroup section */
		E28A9A981E8A0C6200858007 /* Main.storyboard */ = {
			isa = PBXVariantGroup;
			children = (
				E28A9A991E8A0C6200858007 /* Base */,
			);
			name = Main.storyboard;
			sourceTree = "<group>";
		};
		E28A9A9D1E8A0C6200858007 /* LaunchScreen.storyboard */ = {
			isa = PBXVariantGroup;
			children = (
				E28A9A9E1E8A0C6200858007 /* Base */,
			);
			name = LaunchScreen.storyboard;
			sourceTree = "<group>";
		};
/* End PBXVariantGroup section */

/* Begin XCBuildConfiguration section */
		E28A9AB71E8A0C6200858007 /* Debug */ = {
			isa = XCBuildConfiguration;
			buildSettings = {
				ALWAYS_SEARCH_USER_PATHS = NO;
				CLANG_ANALYZER_NONNULL = YES;
				CLANG_CXX_LANGUAGE_STANDARD = "gnu++0x";
				CLANG_CXX_LIBRARY = "libc++";
				CLANG_ENABLE_MODULES = YES;
				CLANG_ENABLE_OBJC_ARC = YES;
				CLANG_WARN_BOOL_CONVERSION = YES;
				CLANG_WARN_CONSTANT_CONVERSION = YES;
				CLANG_WARN_DIRECT_OBJC_ISA_USAGE = YES_ERROR;
				CLANG_WARN_DOCUMENTATION_COMMENTS = YES;
				CLANG_WARN_EMPTY_BODY = YES;
				CLANG_WARN_ENUM_CONVERSION = YES;
				CLANG_WARN_INFINITE_RECURSION = YES;
				CLANG_WARN_INT_CONVERSION = YES;
				CLANG_WARN_OBJC_ROOT_CLASS = YES_ERROR;
				CLANG_WARN_SUSPICIOUS_MOVE = YES;
				CLANG_WARN_UNREACHABLE_CODE = YES;
				CLANG_WARN__DUPLICATE_METHOD_MATCH = YES;
				"CODE_SIGN_IDENTITY[sdk=iphoneos*]" = "iPhone Developer";
				COPY_PHASE_STRIP = NO;
				DEBUG_INFORMATION_FORMAT = dwarf;
				ENABLE_STRICT_OBJC_MSGSEND = YES;
				ENABLE_TESTABILITY = YES;
				GCC_C_LANGUAGE_STANDARD = gnu99;
				GCC_DYNAMIC_NO_PIC = NO;
				GCC_NO_COMMON_BLOCKS = YES;
				GCC_OPTIMIZATION_LEVEL = 0;
				GCC_PREPROCESSOR_DEFINITIONS = (
					"DEBUG=1",
					"$(inherited)",
				);
				GCC_WARN_64_TO_32_BIT_CONVERSION = YES;
				GCC_WARN_ABOUT_RETURN_TYPE = YES_ERROR;
				GCC_WARN_UNDECLARED_SELECTOR = YES;
				GCC_WARN_UNINITIALIZED_AUTOS = YES_AGGRESSIVE;
				GCC_WARN_UNUSED_FUNCTION = YES;
				GCC_WARN_UNUSED_VARIABLE = YES;
				IPHONEOS_DEPLOYMENT_TARGET = 10.2;
				MTL_ENABLE_DEBUG_INFO = YES;
				ONLY_ACTIVE_ARCH = YES;
				SDKROOT = iphoneos;
				TARGETED_DEVICE_FAMILY = "1,2";
			};
			name = Debug;
		};
		E28A9AB81E8A0C6200858007 /* Release */ = {
			isa = XCBuildConfiguration;
			buildSettings = {
				ALWAYS_SEARCH_USER_PATHS = NO;
				CLANG_ANALYZER_NONNULL = YES;
				CLANG_CXX_LANGUAGE_STANDARD = "gnu++0x";
				CLANG_CXX_LIBRARY = "libc++";
				CLANG_ENABLE_MODULES = YES;
				CLANG_ENABLE_OBJC_ARC = YES;
				CLANG_WARN_BOOL_CONVERSION = YES;
				CLANG_WARN_CONSTANT_CONVERSION = YES;
				CLANG_WARN_DIRECT_OBJC_ISA_USAGE = YES_ERROR;
				CLANG_WARN_DOCUMENTATION_COMMENTS = YES;
				CLANG_WARN_EMPTY_BODY = YES;
				CLANG_WARN_ENUM_CONVERSION = YES;
				CLANG_WARN_INFINITE_RECURSION = YES;
				CLANG_WARN_INT_CONVERSION = YES;
				CLANG_WARN_OBJC_ROOT_CLASS = YES_ERROR;
				CLANG_WARN_SUSPICIOUS_MOVE = YES;
				CLANG_WARN_UNREACHABLE_CODE = YES;
				CLANG_WARN__DUPLICATE_METHOD_MATCH = YES;
				"CODE_SIGN_IDENTITY[sdk=iphoneos*]" = "iPhone Developer";
				COPY_PHASE_STRIP = NO;
				DEBUG_INFORMATION_FORMAT = "dwarf-with-dsym";
				ENABLE_NS_ASSERTIONS = NO;
				ENABLE_STRICT_OBJC_MSGSEND = YES;
				GCC_C_LANGUAGE_STANDARD = gnu99;
				GCC_NO_COMMON_BLOCKS = YES;
				GCC_WARN_64_TO_32_BIT_CONVERSION = YES;
				GCC_WARN_ABOUT_RETURN_TYPE = YES_ERROR;
				GCC_WARN_UNDECLARED_SELECTOR = YES;
				GCC_WARN_UNINITIALIZED_AUTOS = YES_AGGRESSIVE;
				GCC_WARN_UNUSED_FUNCTION = YES;
				GCC_WARN_UNUSED_VARIABLE = YES;
				IPHONEOS_DEPLOYMENT_TARGET = 10.2;
				MTL_ENABLE_DEBUG_INFO = NO;
				SDKROOT = iphoneos;
				TARGETED_DEVICE_FAMILY = "1,2";
				VALIDATE_PRODUCT = YES;
			};
			name = Release;
		};
		E28A9ABA1E8A0C6200858007 /* Debug */ = {
			isa = XCBuildConfiguration;
			buildSettings = {
				ASSETCATALOG_COMPILER_APPICON_NAME = AppIcon;
				INFOPLIST_FILE = Runtime/Info.plist;
				LD_RUNPATH_SEARCH_PATHS = "$(inherited) @executable_path/Frameworks";
				PRODUCT_BUNDLE_IDENTIFIER = cc.Runtime;
				PRODUCT_NAME = "$(TARGET_NAME)";
			};
			name = Debug;
		};
		E28A9ABB1E8A0C6200858007 /* Release */ = {
			isa = XCBuildConfiguration;
			buildSettings = {
				ASSETCATALOG_COMPILER_APPICON_NAME = AppIcon;
				INFOPLIST_FILE = Runtime/Info.plist;
				LD_RUNPATH_SEARCH_PATHS = "$(inherited) @executable_path/Frameworks";
				PRODUCT_BUNDLE_IDENTIFIER = cc.Runtime;
				PRODUCT_NAME = "$(TARGET_NAME)";
			};
			name = Release;
		};
		E28A9ABD1E8A0C6200858007 /* Debug */ = {
			isa = XCBuildConfiguration;
			buildSettings = {
				BUNDLE_LOADER = "$(TEST_HOST)";
				INFOPLIST_FILE = RuntimeTests/Info.plist;
				LD_RUNPATH_SEARCH_PATHS = "$(inherited) @executable_path/Frameworks @loader_path/Frameworks";
				PRODUCT_BUNDLE_IDENTIFIER = cc.RuntimeTests;
				PRODUCT_NAME = "$(TARGET_NAME)";
				TEST_HOST = "$(BUILT_PRODUCTS_DIR)/Runtime.app/Runtime";
			};
			name = Debug;
		};
		E28A9ABE1E8A0C6200858007 /* Release */ = {
			isa = XCBuildConfiguration;
			buildSettings = {
				BUNDLE_LOADER = "$(TEST_HOST)";
				INFOPLIST_FILE = RuntimeTests/Info.plist;
				LD_RUNPATH_SEARCH_PATHS = "$(inherited) @executable_path/Frameworks @loader_path/Frameworks";
				PRODUCT_BUNDLE_IDENTIFIER = cc.RuntimeTests;
				PRODUCT_NAME = "$(TARGET_NAME)";
				TEST_HOST = "$(BUILT_PRODUCTS_DIR)/Runtime.app/Runtime";
			};
			name = Release;
		};
		E28A9AC01E8A0C6200858007 /* Debug */ = {
			isa = XCBuildConfiguration;
			buildSettings = {
				INFOPLIST_FILE = RuntimeUITests/Info.plist;
				LD_RUNPATH_SEARCH_PATHS = "$(inherited) @executable_path/Frameworks @loader_path/Frameworks";
				PRODUCT_BUNDLE_IDENTIFIER = cc.RuntimeUITests;
				PRODUCT_NAME = "$(TARGET_NAME)";
				TEST_TARGET_NAME = Runtime;
			};
			name = Debug;
		};
		E28A9AC11E8A0C6200858007 /* Release */ = {
			isa = XCBuildConfiguration;
			buildSettings = {
				INFOPLIST_FILE = RuntimeUITests/Info.plist;
				LD_RUNPATH_SEARCH_PATHS = "$(inherited) @executable_path/Frameworks @loader_path/Frameworks";
				PRODUCT_BUNDLE_IDENTIFIER = cc.RuntimeUITests;
				PRODUCT_NAME = "$(TARGET_NAME)";
				TEST_TARGET_NAME = Runtime;
			};
			name = Release;
		};
/* End XCBuildConfiguration section */

/* Begin XCConfigurationList section */
		E28A9A871E8A0C6200858007 /* Build configuration list for PBXProject "Runtime" */ = {
			isa = XCConfigurationList;
			buildConfigurations = (
				E28A9AB71E8A0C6200858007 /* Debug */,
				E28A9AB81E8A0C6200858007 /* Release */,
			);
			defaultConfigurationIsVisible = 0;
			defaultConfigurationName = Release;
		};
		E28A9AB91E8A0C6200858007 /* Build configuration list for PBXNativeTarget "Runtime" */ = {
			isa = XCConfigurationList;
			buildConfigurations = (
				E28A9ABA1E8A0C6200858007 /* Debug */,
				E28A9ABB1E8A0C6200858007 /* Release */,
			);
			defaultConfigurationIsVisible = 0;
			defaultConfigurationName = Release;
		};
		E28A9ABC1E8A0C6200858007 /* Build configuration list for PBXNativeTarget "RuntimeTests" */ = {
			isa = XCConfigurationList;
			buildConfigurations = (
				E28A9ABD1E8A0C6200858007 /* Debug */,
				E28A9ABE1E8A0C6200858007 /* Release */,
			);
			defaultConfigurationIsVisible = 0;
			defaultConfigurationName = Release;
		};
		E28A9ABF1E8A0C6200858007 /* Build configuration list for PBXNativeTarget "RuntimeUITests" */ = {
			isa = XCConfigurationList;
			buildConfigurations = (
				E28A9AC01E8A0C6200858007 /* Debug */,
				E28A9AC11E8A0C6200858007 /* Release */,
			);
			defaultConfigurationIsVisible = 0;
			defaultConfigurationName = Release;
		};
/* End XCConfigurationList section */
	};
	rootObject = E28A9A841E8A0C6200858007 /* Project object */;
}
